// !$*UTF8*$!
{
	archiveVersion = 1;
	classes = {
	};
	objectVersion = 46;
	objects = {

/* Begin PBXBuildFile section */
		1BFB2BA41CA9C3FD007DC0A8 /* main.m in Sources */ = {isa = PBXBuildFile; fileRef = 1BFB2BA31CA9C3FD007DC0A8 /* main.m */; };
		1BFB2BA71CA9C3FD007DC0A8 /* AppDelegate.m in Sources */ = {isa = PBXBuildFile; fileRef = 1BFB2BA61CA9C3FD007DC0A8 /* AppDelegate.m */; };
		1BFB2BAA1CA9C3FD007DC0A8 /* ViewController.m in Sources */ = {isa = PBXBuildFile; fileRef = 1BFB2BA91CA9C3FD007DC0A8 /* ViewController.m */; };
		1BFB2BAD1CA9C3FD007DC0A8 /* Main.storyboard in Resources */ = {isa = PBXBuildFile; fileRef = 1BFB2BAB1CA9C3FD007DC0A8 /* Main.storyboard */; };
		1BFB2BAF1CA9C3FD007DC0A8 /* Assets.xcassets in Resources */ = {isa = PBXBuildFile; fileRef = 1BFB2BAE1CA9C3FD007DC0A8 /* Assets.xcassets */; };
		1BFB2BB21CA9C3FD007DC0A8 /* LaunchScreen.storyboard in Resources */ = {isa = PBXBuildFile; fileRef = 1BFB2BB01CA9C3FD007DC0A8 /* LaunchScreen.storyboard */; };
		1BFB2BC21CA9D34A007DC0A8 /* Movie.m in Sources */ = {isa = PBXBuildFile; fileRef = 1BFB2BC11CA9D34A007DC0A8 /* Movie.m */; };
		1BFB2BC51CA9DEF4007DC0A8 /* MovieCell.m in Sources */ = {isa = PBXBuildFile; fileRef = 1BFB2BC41CA9DEF4007DC0A8 /* MovieCell.m */; };
		1BFB2BC81CA9EE7E007DC0A8 /* DetailedViewController.m in Sources */ = {isa = PBXBuildFile; fileRef = 1BFB2BC71CA9EE7E007DC0A8 /* DetailedViewController.m */; };
/* End PBXBuildFile section */

/* Begin PBXFileReference section */
		1BFB2B9F1CA9C3FD007DC0A8 /* RottenMangoes.app */ = {isa = PBXFileReference; explicitFileType = wrapper.application; includeInIndex = 0; path = RottenMangoes.app; sourceTree = BUILT_PRODUCTS_DIR; };
		1BFB2BA31CA9C3FD007DC0A8 /* main.m */ = {isa = PBXFileReference; lastKnownFileType = sourcecode.c.objc; path = main.m; sourceTree = "<group>"; };
		1BFB2BA51CA9C3FD007DC0A8 /* AppDelegate.h */ = {isa = PBXFileReference; lastKnownFileType = sourcecode.c.h; path = AppDelegate.h; sourceTree = "<group>"; };
		1BFB2BA61CA9C3FD007DC0A8 /* AppDelegate.m */ = {isa = PBXFileReference; lastKnownFileType = sourcecode.c.objc; path = AppDelegate.m; sourceTree = "<group>"; };
		1BFB2BA81CA9C3FD007DC0A8 /* ViewController.h */ = {isa = PBXFileReference; lastKnownFileType = sourcecode.c.h; path = ViewController.h; sourceTree = "<group>"; };
		1BFB2BA91CA9C3FD007DC0A8 /* ViewController.m */ = {isa = PBXFileReference; lastKnownFileType = sourcecode.c.objc; path = ViewController.m; sourceTree = "<group>"; };
		1BFB2BAC1CA9C3FD007DC0A8 /* Base */ = {isa = PBXFileReference; lastKnownFileType = file.storyboard; name = Base; path = Base.lproj/Main.storyboard; sourceTree = "<group>"; };
		1BFB2BAE1CA9C3FD007DC0A8 /* Assets.xcassets */ = {isa = PBXFileReference; lastKnownFileType = folder.assetcatalog; path = Assets.xcassets; sourceTree = "<group>"; };
		1BFB2BB11CA9C3FD007DC0A8 /* Base */ = {isa = PBXFileReference; lastKnownFileType = file.storyboard; name = Base; path = Base.lproj/LaunchScreen.storyboard; sourceTree = "<group>"; };
		1BFB2BB31CA9C3FD007DC0A8 /* Info.plist */ = {isa = PBXFileReference; lastKnownFileType = text.plist.xml; path = Info.plist; sourceTree = "<group>"; };
		1BFB2BC01CA9D34A007DC0A8 /* Movie.h */ = {isa = PBXFileReference; fileEncoding = 4; lastKnownFileType = sourcecode.c.h; path = Movie.h; sourceTree = "<group>"; };
		1BFB2BC11CA9D34A007DC0A8 /* Movie.m */ = {isa = PBXFileReference; fileEncoding = 4; lastKnownFileType = sourcecode.c.objc; path = Movie.m; sourceTree = "<group>"; };
		1BFB2BC31CA9DEF4007DC0A8 /* MovieCell.h */ = {isa = PBXFileReference; fileEncoding = 4; lastKnownFileType = sourcecode.c.h; path = MovieCell.h; sourceTree = "<group>"; };
		1BFB2BC41CA9DEF4007DC0A8 /* MovieCell.m */ = {isa = PBXFileReference; fileEncoding = 4; lastKnownFileType = sourcecode.c.objc; path = MovieCell.m; sourceTree = "<group>"; };
		1BFB2BC61CA9EE7E007DC0A8 /* DetailedViewController.h */ = {isa = PBXFileReference; fileEncoding = 4; lastKnownFileType = sourcecode.c.h; path = DetailedViewController.h; sourceTree = "<group>"; };
		1BFB2BC71CA9EE7E007DC0A8 /* DetailedViewController.m */ = {isa = PBXFileReference; fileEncoding = 4; lastKnownFileType = sourcecode.c.objc; path = DetailedViewController.m; sourceTree = "<group>"; };
/* End PBXFileReference section */

/* Begin PBXFrameworksBuildPhase section */
		1BFB2B9C1CA9C3FD007DC0A8 /* Frameworks */ = {
			isa = PBXFrameworksBuildPhase;
			buildActionMask = 2147483647;
			files = (
			);
			runOnlyForDeploymentPostprocessing = 0;
		};
/* End PBXFrameworksBuildPhase section */

/* Begin PBXGroup section */
		1BFB2B961CA9C3FD007DC0A8 = {
			isa = PBXGroup;
			children = (
				1BFB2BA11CA9C3FD007DC0A8 /* RottenMangoes */,
				1BFB2BA01CA9C3FD007DC0A8 /* Products */,
			);
			sourceTree = "<group>";
		};
		1BFB2BA01CA9C3FD007DC0A8 /* Products */ = {
			isa = PBXGroup;
			children = (
				1BFB2B9F1CA9C3FD007DC0A8 /* RottenMangoes.app */,
			);
			name = Products;
			sourceTree = "<group>";
		};
		1BFB2BA11CA9C3FD007DC0A8 /* RottenMangoes */ = {
			isa = PBXGroup;
			children = (
				1BFB2BBD1CA9C5A7007DC0A8 /* Model */,
				1BFB2BBC1CA9C59F007DC0A8 /* Controller */,
				1BFB2BBB1CA9C59B007DC0A8 /* View */,
				1BFB2BBA1CA9C598007DC0A8 /* UI */,
				1BFB2BB91CA9C593007DC0A8 /* Assets */,
				1BFB2BA21CA9C3FD007DC0A8 /* Supporting Files */,
			);
			path = RottenMangoes;
			sourceTree = "<group>";
		};
		1BFB2BA21CA9C3FD007DC0A8 /* Supporting Files */ = {
			isa = PBXGroup;
			children = (
				1BFB2BA51CA9C3FD007DC0A8 /* AppDelegate.h */,
				1BFB2BA61CA9C3FD007DC0A8 /* AppDelegate.m */,
				1BFB2BA31CA9C3FD007DC0A8 /* main.m */,
			);
			name = "Supporting Files";
			sourceTree = "<group>";
		};
		1BFB2BB91CA9C593007DC0A8 /* Assets */ = {
			isa = PBXGroup;
			children = (
				1BFB2BAE1CA9C3FD007DC0A8 /* Assets.xcassets */,
				1BFB2BB31CA9C3FD007DC0A8 /* Info.plist */,
			);
			name = Assets;
			sourceTree = "<group>";
		};
		1BFB2BBA1CA9C598007DC0A8 /* UI */ = {
			isa = PBXGroup;
			children = (
				1BFB2BAB1CA9C3FD007DC0A8 /* Main.storyboard */,
				1BFB2BB01CA9C3FD007DC0A8 /* LaunchScreen.storyboard */,
			);
			name = UI;
			sourceTree = "<group>";
		};
		1BFB2BBB1CA9C59B007DC0A8 /* View */ = {
			isa = PBXGroup;
			children = (
				1BFB2BC31CA9DEF4007DC0A8 /* MovieCell.h */,
				1BFB2BC41CA9DEF4007DC0A8 /* MovieCell.m */,
			);
			name = View;
			sourceTree = "<group>";
		};
		1BFB2BBC1CA9C59F007DC0A8 /* Controller */ = {
			isa = PBXGroup;
			children = (
				1BFB2BA81CA9C3FD007DC0A8 /* ViewController.h */,
				1BFB2BA91CA9C3FD007DC0A8 /* ViewController.m */,
				1BFB2BC61CA9EE7E007DC0A8 /* DetailedViewController.h */,
				1BFB2BC71CA9EE7E007DC0A8 /* DetailedViewController.m */,
			);
			name = Controller;
			sourceTree = "<group>";
		};
		1BFB2BBD1CA9C5A7007DC0A8 /* Model */ = {
			isa = PBXGroup;
			children = (
				1BFB2BC01CA9D34A007DC0A8 /* Movie.h */,
				1BFB2BC11CA9D34A007DC0A8 /* Movie.m */,
			);
			name = Model;
			sourceTree = "<group>";
		};
/* End PBXGroup section */

/* Begin PBXNativeTarget section */
		1BFB2B9E1CA9C3FD007DC0A8 /* RottenMangoes */ = {
			isa = PBXNativeTarget;
			buildConfigurationList = 1BFB2BB61CA9C3FD007DC0A8 /* Build configuration list for PBXNativeTarget "RottenMangoes" */;
			buildPhases = (
				1BFB2B9B1CA9C3FD007DC0A8 /* Sources */,
				1BFB2B9C1CA9C3FD007DC0A8 /* Frameworks */,
				1BFB2B9D1CA9C3FD007DC0A8 /* Resources */,
			);
			buildRules = (
			);
			dependencies = (
			);
			name = RottenMangoes;
			productName = RottenMangoes;
			productReference = 1BFB2B9F1CA9C3FD007DC0A8 /* RottenMangoes.app */;
			productType = "com.apple.product-type.application";
		};
/* End PBXNativeTarget section */

/* Begin PBXProject section */
		1BFB2B971CA9C3FD007DC0A8 /* Project object */ = {
			isa = PBXProject;
			attributes = {
				LastUpgradeCheck = 0720;
				ORGANIZATIONNAME = "Nelson Chow";
				TargetAttributes = {
					1BFB2B9E1CA9C3FD007DC0A8 = {
						CreatedOnToolsVersion = 7.2;
						DevelopmentTeam = 9WJCEPJG8Q;
					};
				};
			};
			buildConfigurationList = 1BFB2B9A1CA9C3FD007DC0A8 /* Build configuration list for PBXProject "RottenMangoes" */;
			compatibilityVersion = "Xcode 3.2";
			developmentRegion = English;
			hasScannedForEncodings = 0;
			knownRegions = (
				en,
				Base,
			);
			mainGroup = 1BFB2B961CA9C3FD007DC0A8;
			productRefGroup = 1BFB2BA01CA9C3FD007DC0A8 /* Products */;
			projectDirPath = "";
			projectRoot = "";
			targets = (
				1BFB2B9E1CA9C3FD007DC0A8 /* RottenMangoes */,
			);
		};
/* End PBXProject section */

/* Begin PBXResourcesBuildPhase section */
		1BFB2B9D1CA9C3FD007DC0A8 /* Resources */ = {
			isa = PBXResourcesBuildPhase;
			buildActionMask = 2147483647;
			files = (
				1BFB2BB21CA9C3FD007DC0A8 /* LaunchScreen.storyboard in Resources */,
				1BFB2BAF1CA9C3FD007DC0A8 /* Assets.xcassets in Resources */,
				1BFB2BAD1CA9C3FD007DC0A8 /* Main.storyboard in Resources */,
			);
			runOnlyForDeploymentPostprocessing = 0;
		};
/* End PBXResourcesBuildPhase section */

/* Begin PBXSourcesBuildPhase section */
		1BFB2B9B1CA9C3FD007DC0A8 /* Sources */ = {
			isa = PBXSourcesBuildPhase;
			buildActionMask = 2147483647;
			files = (
				1BFB2BAA1CA9C3FD007DC0A8 /* ViewController.m in Sources */,
				1BFB2BC51CA9DEF4007DC0A8 /* MovieCell.m in Sources */,
				1BFB2BA71CA9C3FD007DC0A8 /* AppDelegate.m in Sources */,
				1BFB2BC21CA9D34A007DC0A8 /* Movie.m in Sources */,
				1BFB2BC81CA9EE7E007DC0A8 /* DetailedViewController.m in Sources */,
				1BFB2BA41CA9C3FD007DC0A8 /* main.m in Sources */,
			);
			runOnlyForDeploymentPostprocessing = 0;
		};
/* End PBXSourcesBuildPhase section */

/* Begin PBXVariantGroup section */
		1BFB2BAB1CA9C3FD007DC0A8 /* Main.storyboard */ = {
			isa = PBXVariantGroup;
			children = (
				1BFB2BAC1CA9C3FD007DC0A8 /* Base */,
			);
			name = Main.storyboard;
			sourceTree = "<group>";
		};
		1BFB2BB01CA9C3FD007DC0A8 /* LaunchScreen.storyboard */ = {
			isa = PBXVariantGroup;
			children = (
				1BFB2BB11CA9C3FD007DC0A8 /* Base */,
			);
			name = LaunchScreen.storyboard;
			sourceTree = "<group>";
		};
/* End PBXVariantGroup section */

/* Begin XCBuildConfiguration section */
		1BFB2BB41CA9C3FD007DC0A8 /* Debug */ = {
			isa = XCBuildConfiguration;
			buildSettings = {
				ALWAYS_SEARCH_USER_PATHS = NO;
				CLANG_CXX_LANGUAGE_STANDARD = "gnu++0x";
				CLANG_CXX_LIBRARY = "libc++";
				CLANG_ENABLE_MODULES = YES;
				CLANG_ENABLE_OBJC_ARC = YES;
				CLANG_WARN_BOOL_CONVERSION = YES;
				CLANG_WARN_CONSTANT_CONVERSION = YES;
				CLANG_WARN_DIRECT_OBJC_ISA_USAGE = YES_ERROR;
				CLANG_WARN_EMPTY_BODY = YES;
				CLANG_WARN_ENUM_CONVERSION = YES;
				CLANG_WARN_INT_CONVERSION = YES;
				CLANG_WARN_OBJC_ROOT_CLASS = YES_ERROR;
				CLANG_WARN_UNREACHABLE_CODE = YES;
				CLANG_WARN__DUPLICATE_METHOD_MATCH = YES;
				"CODE_SIGN_IDENTITY[sdk=iphoneos*]" = "iPhone Developer";
				COPY_PHASE_STRIP = NO;
				DEBUG_INFORMATION_FORMAT = dwarf;
				ENABLE_STRICT_OBJC_MSGSEND = YES;
				ENABLE_TESTABILITY = YES;
				GCC_C_LANGUAGE_STANDARD = gnu99;
				GCC_DYNAMIC_NO_PIC = NO;
				GCC_NO_COMMON_BLOCKS = YES;
				GCC_OPTIMIZATION_LEVEL = 0;
				GCC_PREPROCESSOR_DEFINITIONS = (
					"DEBUG=1",
					"$(inherited)",
				);
				GCC_WARN_64_TO_32_BIT_CONVERSION = YES;
				GCC_WARN_ABOUT_RETURN_TYPE = YES_ERROR;
				GCC_WARN_UNDECLARED_SELECTOR = YES;
				GCC_WARN_UNINITIALIZED_AUTOS = YES_AGGRESSIVE;
				GCC_WARN_UNUSED_FUNCTION = YES;
				GCC_WARN_UNUSED_VARIABLE = YES;
				IPHONEOS_DEPLOYMENT_TARGET = 9.2;
				MTL_ENABLE_DEBUG_INFO = YES;
				ONLY_ACTIVE_ARCH = YES;
				SDKROOT = iphoneos;
			};
			name = Debug;
		};
		1BFB2BB51CA9C3FD007DC0A8 /* Release */ = {
			isa = XCBuildConfiguration;
			buildSettings = {
				ALWAYS_SEARCH_USER_PATHS = NO;
				CLANG_CXX_LANGUAGE_STANDARD = "gnu++0x";
				CLANG_CXX_LIBRARY = "libc++";
				CLANG_ENABLE_MODULES = YES;
				CLANG_ENABLE_OBJC_ARC = YES;
				CLANG_WARN_BOOL_CONVERSION = YES;
				CLANG_WARN_CONSTANT_CONVERSION = YES;
				CLANG_WARN_DIRECT_OBJC_ISA_USAGE = YES_ERROR;
				CLANG_WARN_EMPTY_BODY = YES;
				CLANG_WARN_ENUM_CONVERSION = YES;
				CLANG_WARN_INT_CONVERSION = YES;
				CLANG_WARN_OBJC_ROOT_CLASS = YES_ERROR;
				CLANG_WARN_UNREACHABLE_CODE = YES;
				CLANG_WARN__DUPLICATE_METHOD_MATCH = YES;
				"CODE_SIGN_IDENTITY[sdk=iphoneos*]" = "iPhone Developer";
				COPY_PHASE_STRIP = NO;
				DEBUG_INFORMATION_FORMAT = "dwarf-with-dsym";
				ENABLE_NS_ASSERTIONS = NO;
				ENABLE_STRICT_OBJC_MSGSEND = YES;
				GCC_C_LANGUAGE_STANDARD = gnu99;
				GCC_NO_COMMON_BLOCKS = YES;
				GCC_WARN_64_TO_32_BIT_CONVERSION = YES;
				GCC_WARN_ABOUT_RETURN_TYPE = YES_ERROR;
				GCC_WARN_UNDECLARED_SELECTOR = YES;
				GCC_WARN_UNINITIALIZED_AUTOS = YES_AGGRESSIVE;
				GCC_WARN_UNUSED_FUNCTION = YES;
				GCC_WARN_UNUSED_VARIABLE = YES;
				IPHONEOS_DEPLOYMENT_TARGET = 9.2;
				MTL_ENABLE_DEBUG_INFO = NO;
				SDKROOT = iphoneos;
				VALIDATE_PRODUCT = YES;
			};
			name = Release;
		};
		1BFB2BB71CA9C3FD007DC0A8 /* Debug */ = {
			isa = XCBuildConfiguration;
			buildSettings = {
				ASSETCATALOG_COMPILER_APPICON_NAME = AppIcon;
				INFOPLIST_FILE = RottenMangoes/Info.plist;
				LD_RUNPATH_SEARCH_PATHS = "$(inherited) @executable_path/Frameworks";
				PRODUCT_BUNDLE_IDENTIFIER = nc.RottenMangoes;
				PRODUCT_NAME = "$(TARGET_NAME)";
			};
			name = Debug;
		};
		1BFB2BB81CA9C3FD007DC0A8 /* Release */ = {
			isa = XCBuildConfiguration;
			buildSettings = {
				ASSETCATALOG_COMPILER_APPICON_NAME = AppIcon;
				INFOPLIST_FILE = RottenMangoes/Info.plist;
				LD_RUNPATH_SEARCH_PATHS = "$(inherited) @executable_path/Frameworks";
				PRODUCT_BUNDLE_IDENTIFIER = nc.RottenMangoes;
				PRODUCT_NAME = "$(TARGET_NAME)";
			};
			name = Release;
		};
/* End XCBuildConfiguration section */

/* Begin XCConfigurationList section */
		1BFB2B9A1CA9C3FD007DC0A8 /* Build configuration list for PBXProject "RottenMangoes" */ = {
			isa = XCConfigurationList;
			buildConfigurations = (
				1BFB2BB41CA9C3FD007DC0A8 /* Debug */,
				1BFB2BB51CA9C3FD007DC0A8 /* Release */,
			);
			defaultConfigurationIsVisible = 0;
			defaultConfigurationName = Release;
		};
		1BFB2BB61CA9C3FD007DC0A8 /* Build configuration list for PBXNativeTarget "RottenMangoes" */ = {
			isa = XCConfigurationList;
			buildConfigurations = (
				1BFB2BB71CA9C3FD007DC0A8 /* Debug */,
				1BFB2BB81CA9C3FD007DC0A8 /* Release */,
			);
			defaultConfigurationIsVisible = 0;
		};
/* End XCConfigurationList section */
	};
	rootObject = 1BFB2B971CA9C3FD007DC0A8 /* Project object */;
}
